
Microsoft Visual Studio Solution File, Format Version 10.00
# Visual Studio 2008
Project("{2150E333-8FDC-42A3-9474-1A3956D46DE8}") = "Solution Items", "Solution Items", "{2EF2080A-C5FB-4FF9-B8F5-B01D97BD0E42}"
	ProjectSection(SolutionItems) = preProject
		GateKeeper.snk = GateKeeper.snk
		GateKeeperPublic.snk = GateKeeperPublic.snk
	EndProjectSection
EndProject
Project("{2150E333-8FDC-42A3-9474-1A3956D46DE8}") = "App", "App", "{6DED1472-68DE-492B-A237-CBC01BA3E010}"
EndProject
Project("{2150E333-8FDC-42A3-9474-1A3956D46DE8}") = "Core", "Core", "{4A7C512D-D58D-4C28-9896-3CA50413D534}"
EndProject
Project("{2150E333-8FDC-42A3-9474-1A3956D46DE8}") = "Test Harnesses", "Test Harnesses", "{8CC5D9FB-A50D-4CE7-870A-58539149C0EA}"
EndProject
Project("{FAE04EC0-301F-11D3-BF4B-00C04F79EFBC}") = "CDRPreviewWS", "App\CDRPreviewWS\CDRPreviewWS.csproj", "{F7373C8D-4281-4E80-A47D-8C57BF2E9032}"
EndProject
Project("{FAE04EC0-301F-11D3-BF4B-00C04F79EFBC}") = "ProcessManager", "App\ProcessManager\ProcessManager.csproj", "{33DF8825-A034-40FB-BEC6-A5BC19D7A6E7}"
EndProject
Project("{FAE04EC0-301F-11D3-BF4B-00C04F79EFBC}") = "WebSvc", "App\WebSvc\WebSvc.csproj", "{FDBDA2DB-A4EC-40AF-93A8-682B26DD7066}"
EndProject
Project("{FAE04EC0-301F-11D3-BF4B-00C04F79EFBC}") = "Admin", "App\Admin\Admin.csproj", "{17C59A26-693A-4214-A1CA-303B373B0A06}"
EndProject
Project("{FAE04EC0-301F-11D3-BF4B-00C04F79EFBC}") = "BatchManager", "Core\BatchManager\BatchManager.csproj", "{817A5A3A-9088-483E-A591-AF0A7B41374A}"
EndProject
Project("{FAE04EC0-301F-11D3-BF4B-00C04F79EFBC}") = "Common", "Core\Common\Common.csproj", "{18292900-B618-49DC-AC6C-A4575BD62F47}"
EndProject
Project("{FAE04EC0-301F-11D3-BF4B-00C04F79EFBC}") = "ContentRendering", "Core\ContentRendering\ContentRendering.csproj", "{93A2AFCF-1683-464A-8208-590E7FA7EC09}"
EndProject
Project("{FAE04EC0-301F-11D3-BF4B-00C04F79EFBC}") = "DataAccess", "Core\DataAccess\DataAccess.csproj", "{FEE52BA5-C1CA-4D42-B905-1C42B933E9DF}"
EndProject
Project("{FAE04EC0-301F-11D3-BF4B-00C04F79EFBC}") = "Diagrams", "Core\Diagrams\Diagrams.csproj", "{DD25636B-C7A6-40B7-BF3B-75D4D4C0A883}"
EndProject
Project("{FAE04EC0-301F-11D3-BF4B-00C04F79EFBC}") = "DocumentManager", "Core\DocumentManager\DocumentManager.csproj", "{FE716DD2-A9A1-4253-AB75-7F27D9CC2C51}"
EndProject
Project("{FAE04EC0-301F-11D3-BF4B-00C04F79EFBC}") = "DocumentObjects", "Core\DocumentObjects\DocumentObjects.csproj", "{BB780523-A6AA-466F-9D35-986D60AEB82D}"
EndProject
Project("{FAE04EC0-301F-11D3-BF4B-00C04F79EFBC}") = "Logging", "Core\Logging\Logging.csproj", "{1F7C618F-C8BB-4C19-B754-BFB9211B8773}"
EndProject
Project("{FAE04EC0-301F-11D3-BF4B-00C04F79EFBC}") = "RequestManager", "Core\RequestManager\RequestManager.csproj", "{899D3B57-B535-4899-8ED5-2BD900065555}"
EndProject
Project("{FAE04EC0-301F-11D3-BF4B-00C04F79EFBC}") = "Security", "Core\Security\Security.csproj", "{3198D63B-2AE0-43BF-9EB4-D7C13D701802}"
EndProject
Project("{FAE04EC0-301F-11D3-BF4B-00C04F79EFBC}") = "GateKeeperTest", "Test Harnesses\GateKeeperTest\GateKeeperTest.csproj", "{77A5E795-5A01-474A-BD68-406510335E84}"
EndProject
Project("{FAE04EC0-301F-11D3-BF4B-00C04F79EFBC}") = "ImportTool", "Test Harnesses\ImportTool\ImportTool.csproj", "{4DB13B0B-22BE-4135-A165-6E40F9C1A3AB}"
EndProject
Project("{FAE04EC0-301F-11D3-BF4B-00C04F79EFBC}") = "ProcessTester", "Test Harnesses\ProcessTester\ProcessTester.csproj", "{F6E770E0-C1D5-42D9-AD23-B55156F80BB7}"
EndProject
Project("{FAE04EC0-301F-11D3-BF4B-00C04F79EFBC}") = "UnitTest", "Test Harnesses\UnitTest\UnitTest.csproj", "{23031B4A-982B-4CBE-BC15-320A463719B2}"
EndProject
Global
	GlobalSection(SolutionConfigurationPlatforms) = preSolution
		Debug|.NET = Debug|.NET
		Debug|Any CPU = Debug|Any CPU
		Debug|Mixed Platforms = Debug|Mixed Platforms
		Release|.NET = Release|.NET
		Release|Any CPU = Release|Any CPU
		Release|Mixed Platforms = Release|Mixed Platforms
	EndGlobalSection
	GlobalSection(ProjectConfigurationPlatforms) = postSolution
		{F7373C8D-4281-4E80-A47D-8C57BF2E9032}.Debug|.NET.ActiveCfg = Debug|Any CPU
		{F7373C8D-4281-4E80-A47D-8C57BF2E9032}.Debug|Any CPU.ActiveCfg = Debug|Any CPU
		{F7373C8D-4281-4E80-A47D-8C57BF2E9032}.Debug|Any CPU.Build.0 = Debug|Any CPU
		{F7373C8D-4281-4E80-A47D-8C57BF2E9032}.Debug|Mixed Platforms.ActiveCfg = Debug|Any CPU
		{F7373C8D-4281-4E80-A47D-8C57BF2E9032}.Debug|Mixed Platforms.Build.0 = Debug|Any CPU
		{F7373C8D-4281-4E80-A47D-8C57BF2E9032}.Release|.NET.ActiveCfg = Release|Any CPU
		{F7373C8D-4281-4E80-A47D-8C57BF2E9032}.Release|Any CPU.ActiveCfg = Release|Any CPU
		{F7373C8D-4281-4E80-A47D-8C57BF2E9032}.Release|Any CPU.Build.0 = Release|Any CPU
		{F7373C8D-4281-4E80-A47D-8C57BF2E9032}.Release|Mixed Platforms.ActiveCfg = Release|Any CPU
		{F7373C8D-4281-4E80-A47D-8C57BF2E9032}.Release|Mixed Platforms.Build.0 = Release|Any CPU
		{33DF8825-A034-40FB-BEC6-A5BC19D7A6E7}.Debug|.NET.ActiveCfg = Debug|Any CPU
		{33DF8825-A034-40FB-BEC6-A5BC19D7A6E7}.Debug|Any CPU.ActiveCfg = Debug|Any CPU
		{33DF8825-A034-40FB-BEC6-A5BC19D7A6E7}.Debug|Any CPU.Build.0 = Debug|Any CPU
		{33DF8825-A034-40FB-BEC6-A5BC19D7A6E7}.Debug|Mixed Platforms.ActiveCfg = Debug|Any CPU
		{33DF8825-A034-40FB-BEC6-A5BC19D7A6E7}.Debug|Mixed Platforms.Build.0 = Debug|Any CPU
		{33DF8825-A034-40FB-BEC6-A5BC19D7A6E7}.Release|.NET.ActiveCfg = Release|Any CPU
		{33DF8825-A034-40FB-BEC6-A5BC19D7A6E7}.Release|Any CPU.ActiveCfg = Release|Any CPU
		{33DF8825-A034-40FB-BEC6-A5BC19D7A6E7}.Release|Any CPU.Build.0 = Release|Any CPU
		{33DF8825-A034-40FB-BEC6-A5BC19D7A6E7}.Release|Mixed Platforms.ActiveCfg = Release|Any CPU
		{33DF8825-A034-40FB-BEC6-A5BC19D7A6E7}.Release|Mixed Platforms.Build.0 = Release|Any CPU
		{FDBDA2DB-A4EC-40AF-93A8-682B26DD7066}.Debug|.NET.ActiveCfg = Debug|Any CPU
		{FDBDA2DB-A4EC-40AF-93A8-682B26DD7066}.Debug|Any CPU.ActiveCfg = Debug|Any CPU
		{FDBDA2DB-A4EC-40AF-93A8-682B26DD7066}.Debug|Any CPU.Build.0 = Debug|Any CPU
		{FDBDA2DB-A4EC-40AF-93A8-682B26DD7066}.Debug|Mixed Platforms.ActiveCfg = Debug|Any CPU
		{FDBDA2DB-A4EC-40AF-93A8-682B26DD7066}.Debug|Mixed Platforms.Build.0 = Debug|Any CPU
		{FDBDA2DB-A4EC-40AF-93A8-682B26DD7066}.Release|.NET.ActiveCfg = Release|Any CPU
		{FDBDA2DB-A4EC-40AF-93A8-682B26DD7066}.Release|Any CPU.ActiveCfg = Release|Any CPU
		{FDBDA2DB-A4EC-40AF-93A8-682B26DD7066}.Release|Any CPU.Build.0 = Release|Any CPU
		{FDBDA2DB-A4EC-40AF-93A8-682B26DD7066}.Release|Mixed Platforms.ActiveCfg = Release|Any CPU
		{FDBDA2DB-A4EC-40AF-93A8-682B26DD7066}.Release|Mixed Platforms.Build.0 = Release|Any CPU
		{17C59A26-693A-4214-A1CA-303B373B0A06}.Debug|.NET.ActiveCfg = Debug|Any CPU
		{17C59A26-693A-4214-A1CA-303B373B0A06}.Debug|Any CPU.ActiveCfg = Debug|Any CPU
		{17C59A26-693A-4214-A1CA-303B373B0A06}.Debug|Any CPU.Build.0 = Debug|Any CPU
		{17C59A26-693A-4214-A1CA-303B373B0A06}.Debug|Mixed Platforms.ActiveCfg = Debug|Any CPU
		{17C59A26-693A-4214-A1CA-303B373B0A06}.Debug|Mixed Platforms.Build.0 = Debug|Any CPU
		{17C59A26-693A-4214-A1CA-303B373B0A06}.Release|.NET.ActiveCfg = Release|Any CPU
		{17C59A26-693A-4214-A1CA-303B373B0A06}.Release|Any CPU.ActiveCfg = Release|Any CPU
		{17C59A26-693A-4214-A1CA-303B373B0A06}.Release|Any CPU.Build.0 = Release|Any CPU
		{17C59A26-693A-4214-A1CA-303B373B0A06}.Release|Mixed Platforms.ActiveCfg = Release|Any CPU
		{17C59A26-693A-4214-A1CA-303B373B0A06}.Release|Mixed Platforms.Build.0 = Release|Any CPU
		{817A5A3A-9088-483E-A591-AF0A7B41374A}.Debug|.NET.ActiveCfg = Debug|Any CPU
		{817A5A3A-9088-483E-A591-AF0A7B41374A}.Debug|Any CPU.ActiveCfg = Debug|Any CPU
		{817A5A3A-9088-483E-A591-AF0A7B41374A}.Debug|Any CPU.Build.0 = Debug|Any CPU
		{817A5A3A-9088-483E-A591-AF0A7B41374A}.Debug|Mixed Platforms.ActiveCfg = Debug|Any CPU
		{817A5A3A-9088-483E-A591-AF0A7B41374A}.Debug|Mixed Platforms.Build.0 = Debug|Any CPU
		{817A5A3A-9088-483E-A591-AF0A7B41374A}.Release|.NET.ActiveCfg = Release|Any CPU
		{817A5A3A-9088-483E-A591-AF0A7B41374A}.Release|Any CPU.ActiveCfg = Release|Any CPU
		{817A5A3A-9088-483E-A591-AF0A7B41374A}.Release|Any CPU.Build.0 = Release|Any CPU
		{817A5A3A-9088-483E-A591-AF0A7B41374A}.Release|Mixed Platforms.ActiveCfg = Release|Any CPU
		{817A5A3A-9088-483E-A591-AF0A7B41374A}.Release|Mixed Platforms.Build.0 = Release|Any CPU
		{18292900-B618-49DC-AC6C-A4575BD62F47}.Debug|.NET.ActiveCfg = Debug|Any CPU
		{18292900-B618-49DC-AC6C-A4575BD62F47}.Debug|Any CPU.ActiveCfg = Debug|Any CPU
		{18292900-B618-49DC-AC6C-A4575BD62F47}.Debug|Any CPU.Build.0 = Debug|Any CPU
		{18292900-B618-49DC-AC6C-A4575BD62F47}.Debug|Mixed Platforms.ActiveCfg = Debug|Any CPU
		{18292900-B618-49DC-AC6C-A4575BD62F47}.Debug|Mixed Platforms.Build.0 = Debug|Any CPU
		{18292900-B618-49DC-AC6C-A4575BD62F47}.Release|.NET.ActiveCfg = Release|Any CPU
		{18292900-B618-49DC-AC6C-A4575BD62F47}.Release|Any CPU.ActiveCfg = Release|Any CPU
		{18292900-B618-49DC-AC6C-A4575BD62F47}.Release|Any CPU.Build.0 = Release|Any CPU
		{18292900-B618-49DC-AC6C-A4575BD62F47}.Release|Mixed Platforms.ActiveCfg = Release|Any CPU
		{18292900-B618-49DC-AC6C-A4575BD62F47}.Release|Mixed Platforms.Build.0 = Release|Any CPU
		{93A2AFCF-1683-464A-8208-590E7FA7EC09}.Debug|.NET.ActiveCfg = Debug|Any CPU
		{93A2AFCF-1683-464A-8208-590E7FA7EC09}.Debug|Any CPU.ActiveCfg = Debug|Any CPU
		{93A2AFCF-1683-464A-8208-590E7FA7EC09}.Debug|Any CPU.Build.0 = Debug|Any CPU
		{93A2AFCF-1683-464A-8208-590E7FA7EC09}.Debug|Mixed Platforms.ActiveCfg = Debug|Any CPU
		{93A2AFCF-1683-464A-8208-590E7FA7EC09}.Debug|Mixed Platforms.Build.0 = Debug|Any CPU
		{93A2AFCF-1683-464A-8208-590E7FA7EC09}.Release|.NET.ActiveCfg = Release|Any CPU
		{93A2AFCF-1683-464A-8208-590E7FA7EC09}.Release|Any CPU.ActiveCfg = Release|Any CPU
		{93A2AFCF-1683-464A-8208-590E7FA7EC09}.Release|Any CPU.Build.0 = Release|Any CPU
		{93A2AFCF-1683-464A-8208-590E7FA7EC09}.Release|Mixed Platforms.ActiveCfg = Release|Any CPU
		{93A2AFCF-1683-464A-8208-590E7FA7EC09}.Release|Mixed Platforms.Build.0 = Release|Any CPU
		{FEE52BA5-C1CA-4D42-B905-1C42B933E9DF}.Debug|.NET.ActiveCfg = Debug|Any CPU
		{FEE52BA5-C1CA-4D42-B905-1C42B933E9DF}.Debug|Any CPU.ActiveCfg = Debug|Any CPU
		{FEE52BA5-C1CA-4D42-B905-1C42B933E9DF}.Debug|Any CPU.Build.0 = Debug|Any CPU
		{FEE52BA5-C1CA-4D42-B905-1C42B933E9DF}.Debug|Mixed Platforms.ActiveCfg = Debug|Any CPU
		{FEE52BA5-C1CA-4D42-B905-1C42B933E9DF}.Debug|Mixed Platforms.Build.0 = Debug|Any CPU
		{FEE52BA5-C1CA-4D42-B905-1C42B933E9DF}.Release|.NET.ActiveCfg = Release|Any CPU
		{FEE52BA5-C1CA-4D42-B905-1C42B933E9DF}.Release|Any CPU.ActiveCfg = Release|Any CPU
		{FEE52BA5-C1CA-4D42-B905-1C42B933E9DF}.Release|Any CPU.Build.0 = Release|Any CPU
		{FEE52BA5-C1CA-4D42-B905-1C42B933E9DF}.Release|Mixed Platforms.ActiveCfg = Release|Any CPU
		{FEE52BA5-C1CA-4D42-B905-1C42B933E9DF}.Release|Mixed Platforms.Build.0 = Release|Any CPU
		{DD25636B-C7A6-40B7-BF3B-75D4D4C0A883}.Debug|.NET.ActiveCfg = Debug|Any CPU
		{DD25636B-C7A6-40B7-BF3B-75D4D4C0A883}.Debug|Any CPU.ActiveCfg = Debug|Any CPU
		{DD25636B-C7A6-40B7-BF3B-75D4D4C0A883}.Debug|Any CPU.Build.0 = Debug|Any CPU
		{DD25636B-C7A6-40B7-BF3B-75D4D4C0A883}.Debug|Mixed Platforms.ActiveCfg = Debug|Any CPU
		{DD25636B-C7A6-40B7-BF3B-75D4D4C0A883}.Debug|Mixed Platforms.Build.0 = Debug|Any CPU
		{DD25636B-C7A6-40B7-BF3B-75D4D4C0A883}.Release|.NET.ActiveCfg = Release|Any CPU
		{DD25636B-C7A6-40B7-BF3B-75D4D4C0A883}.Release|Any CPU.ActiveCfg = Release|Any CPU
		{DD25636B-C7A6-40B7-BF3B-75D4D4C0A883}.Release|Any CPU.Build.0 = Release|Any CPU
		{DD25636B-C7A6-40B7-BF3B-75D4D4C0A883}.Release|Mixed Platforms.ActiveCfg = Release|Any CPU
		{DD25636B-C7A6-40B7-BF3B-75D4D4C0A883}.Release|Mixed Platforms.Build.0 = Release|Any CPU
		{FE716DD2-A9A1-4253-AB75-7F27D9CC2C51}.Debug|.NET.ActiveCfg = Debug|Any CPU
		{FE716DD2-A9A1-4253-AB75-7F27D9CC2C51}.Debug|Any CPU.ActiveCfg = Debug|Any CPU
		{FE716DD2-A9A1-4253-AB75-7F27D9CC2C51}.Debug|Any CPU.Build.0 = Debug|Any CPU
		{FE716DD2-A9A1-4253-AB75-7F27D9CC2C51}.Debug|Mixed Platforms.ActiveCfg = Debug|Any CPU
		{FE716DD2-A9A1-4253-AB75-7F27D9CC2C51}.Debug|Mixed Platforms.Build.0 = Debug|Any CPU
		{FE716DD2-A9A1-4253-AB75-7F27D9CC2C51}.Release|.NET.ActiveCfg = Release|Any CPU
		{FE716DD2-A9A1-4253-AB75-7F27D9CC2C51}.Release|Any CPU.ActiveCfg = Release|Any CPU
		{FE716DD2-A9A1-4253-AB75-7F27D9CC2C51}.Release|Any CPU.Build.0 = Release|Any CPU
		{FE716DD2-A9A1-4253-AB75-7F27D9CC2C51}.Release|Mixed Platforms.ActiveCfg = Release|Any CPU
		{FE716DD2-A9A1-4253-AB75-7F27D9CC2C51}.Release|Mixed Platforms.Build.0 = Release|Any CPU
		{BB780523-A6AA-466F-9D35-986D60AEB82D}.Debug|.NET.ActiveCfg = Debug|Any CPU
		{BB780523-A6AA-466F-9D35-986D60AEB82D}.Debug|Any CPU.ActiveCfg = Debug|Any CPU
		{BB780523-A6AA-466F-9D35-986D60AEB82D}.Debug|Any CPU.Build.0 = Debug|Any CPU
		{BB780523-A6AA-466F-9D35-986D60AEB82D}.Debug|Mixed Platforms.ActiveCfg = Debug|Any CPU
		{BB780523-A6AA-466F-9D35-986D60AEB82D}.Debug|Mixed Platforms.Build.0 = Debug|Any CPU
		{BB780523-A6AA-466F-9D35-986D60AEB82D}.Release|.NET.ActiveCfg = Release|Any CPU
		{BB780523-A6AA-466F-9D35-986D60AEB82D}.Release|Any CPU.ActiveCfg = Release|Any CPU
		{BB780523-A6AA-466F-9D35-986D60AEB82D}.Release|Any CPU.Build.0 = Release|Any CPU
		{BB780523-A6AA-466F-9D35-986D60AEB82D}.Release|Mixed Platforms.ActiveCfg = Release|Any CPU
		{BB780523-A6AA-466F-9D35-986D60AEB82D}.Release|Mixed Platforms.Build.0 = Release|Any CPU
		{1F7C618F-C8BB-4C19-B754-BFB9211B8773}.Debug|.NET.ActiveCfg = Debug|Any CPU
		{1F7C618F-C8BB-4C19-B754-BFB9211B8773}.Debug|Any CPU.ActiveCfg = Debug|Any CPU
		{1F7C618F-C8BB-4C19-B754-BFB9211B8773}.Debug|Any CPU.Build.0 = Debug|Any CPU
		{1F7C618F-C8BB-4C19-B754-BFB9211B8773}.Debug|Mixed Platforms.ActiveCfg = Debug|Any CPU
		{1F7C618F-C8BB-4C19-B754-BFB9211B8773}.Debug|Mixed Platforms.Build.0 = Debug|Any CPU
		{1F7C618F-C8BB-4C19-B754-BFB9211B8773}.Release|.NET.ActiveCfg = Release|Any CPU
		{1F7C618F-C8BB-4C19-B754-BFB9211B8773}.Release|Any CPU.ActiveCfg = Release|Any CPU
		{1F7C618F-C8BB-4C19-B754-BFB9211B8773}.Release|Any CPU.Build.0 = Release|Any CPU
		{1F7C618F-C8BB-4C19-B754-BFB9211B8773}.Release|Mixed Platforms.ActiveCfg = Release|Any CPU
		{1F7C618F-C8BB-4C19-B754-BFB9211B8773}.Release|Mixed Platforms.Build.0 = Release|Any CPU
		{899D3B57-B535-4899-8ED5-2BD900065555}.Debug|.NET.ActiveCfg = Debug|Any CPU
		{899D3B57-B535-4899-8ED5-2BD900065555}.Debug|Any CPU.ActiveCfg = Debug|Any CPU
		{899D3B57-B535-4899-8ED5-2BD900065555}.Debug|Any CPU.Build.0 = Debug|Any CPU
		{899D3B57-B535-4899-8ED5-2BD900065555}.Debug|Mixed Platforms.ActiveCfg = Debug|Any CPU
		{899D3B57-B535-4899-8ED5-2BD900065555}.Debug|Mixed Platforms.Build.0 = Debug|Any CPU
		{899D3B57-B535-4899-8ED5-2BD900065555}.Release|.NET.ActiveCfg = Release|Any CPU
		{899D3B57-B535-4899-8ED5-2BD900065555}.Release|Any CPU.ActiveCfg = Release|Any CPU
		{899D3B57-B535-4899-8ED5-2BD900065555}.Release|Any CPU.Build.0 = Release|Any CPU
		{899D3B57-B535-4899-8ED5-2BD900065555}.Release|Mixed Platforms.ActiveCfg = Release|Any CPU
		{899D3B57-B535-4899-8ED5-2BD900065555}.Release|Mixed Platforms.Build.0 = Release|Any CPU
		{3198D63B-2AE0-43BF-9EB4-D7C13D701802}.Debug|.NET.ActiveCfg = Debug|Any CPU
		{3198D63B-2AE0-43BF-9EB4-D7C13D701802}.Debug|Any CPU.ActiveCfg = Debug|Any CPU
		{3198D63B-2AE0-43BF-9EB4-D7C13D701802}.Debug|Any CPU.Build.0 = Debug|Any CPU
		{3198D63B-2AE0-43BF-9EB4-D7C13D701802}.Debug|Mixed Platforms.ActiveCfg = Debug|Any CPU
		{3198D63B-2AE0-43BF-9EB4-D7C13D701802}.Debug|Mixed Platforms.Build.0 = Debug|Any CPU
		{3198D63B-2AE0-43BF-9EB4-D7C13D701802}.Release|.NET.ActiveCfg = Release|Any CPU
		{3198D63B-2AE0-43BF-9EB4-D7C13D701802}.Release|Any CPU.ActiveCfg = Release|Any CPU
		{3198D63B-2AE0-43BF-9EB4-D7C13D701802}.Release|Any CPU.Build.0 = Release|Any CPU
		{3198D63B-2AE0-43BF-9EB4-D7C13D701802}.Release|Mixed Platforms.ActiveCfg = Release|Any CPU
		{3198D63B-2AE0-43BF-9EB4-D7C13D701802}.Release|Mixed Platforms.Build.0 = Release|Any CPU
		{77A5E795-5A01-474A-BD68-406510335E84}.Debug|.NET.ActiveCfg = Debug|Any CPU
		{77A5E795-5A01-474A-BD68-406510335E84}.Debug|Any CPU.ActiveCfg = Debug|Any CPU
		{77A5E795-5A01-474A-BD68-406510335E84}.Debug|Any CPU.Build.0 = Debug|Any CPU
		{77A5E795-5A01-474A-BD68-406510335E84}.Debug|Mixed Platforms.ActiveCfg = Debug|Any CPU
		{77A5E795-5A01-474A-BD68-406510335E84}.Debug|Mixed Platforms.Build.0 = Debug|Any CPU
		{77A5E795-5A01-474A-BD68-406510335E84}.Release|.NET.ActiveCfg = Release|Any CPU
		{77A5E795-5A01-474A-BD68-406510335E84}.Release|Any CPU.ActiveCfg = Release|Any CPU
		{77A5E795-5A01-474A-BD68-406510335E84}.Release|Any CPU.Build.0 = Release|Any CPU
		{77A5E795-5A01-474A-BD68-406510335E84}.Release|Mixed Platforms.ActiveCfg = Release|Any CPU
		{77A5E795-5A01-474A-BD68-406510335E84}.Release|Mixed Platforms.Build.0 = Release|Any CPU
		{4DB13B0B-22BE-4135-A165-6E40F9C1A3AB}.Debug|.NET.ActiveCfg = Debug|Any CPU
		{4DB13B0B-22BE-4135-A165-6E40F9C1A3AB}.Debug|Any CPU.ActiveCfg = Debug|Any CPU
		{4DB13B0B-22BE-4135-A165-6E40F9C1A3AB}.Debug|Any CPU.Build.0 = Debug|Any CPU
		{4DB13B0B-22BE-4135-A165-6E40F9C1A3AB}.Debug|Mixed Platforms.ActiveCfg = Debug|Any CPU
		{4DB13B0B-22BE-4135-A165-6E40F9C1A3AB}.Debug|Mixed Platforms.Build.0 = Debug|Any CPU
		{4DB13B0B-22BE-4135-A165-6E40F9C1A3AB}.Release|.NET.ActiveCfg = Release|Any CPU
		{4DB13B0B-22BE-4135-A165-6E40F9C1A3AB}.Release|Any CPU.ActiveCfg = Release|Any CPU
		{4DB13B0B-22BE-4135-A165-6E40F9C1A3AB}.Release|Any CPU.Build.0 = Release|Any CPU
		{4DB13B0B-22BE-4135-A165-6E40F9C1A3AB}.Release|Mixed Platforms.ActiveCfg = Release|Any CPU
		{4DB13B0B-22BE-4135-A165-6E40F9C1A3AB}.Release|Mixed Platforms.Build.0 = Release|Any CPU
		{F6E770E0-C1D5-42D9-AD23-B55156F80BB7}.Debug|.NET.ActiveCfg = Debug|Any CPU
		{F6E770E0-C1D5-42D9-AD23-B55156F80BB7}.Debug|Any CPU.ActiveCfg = Debug|Any CPU
		{F6E770E0-C1D5-42D9-AD23-B55156F80BB7}.Debug|Any CPU.Build.0 = Debug|Any CPU
		{F6E770E0-C1D5-42D9-AD23-B55156F80BB7}.Debug|Mixed Platforms.ActiveCfg = Debug|Any CPU
		{F6E770E0-C1D5-42D9-AD23-B55156F80BB7}.Debug|Mixed Platforms.Build.0 = Debug|Any CPU
		{F6E770E0-C1D5-42D9-AD23-B55156F80BB7}.Release|.NET.ActiveCfg = Release|Any CPU
		{F6E770E0-C1D5-42D9-AD23-B55156F80BB7}.Release|Any CPU.ActiveCfg = Release|Any CPU
		{F6E770E0-C1D5-42D9-AD23-B55156F80BB7}.Release|Any CPU.Build.0 = Release|Any CPU
		{F6E770E0-C1D5-42D9-AD23-B55156F80BB7}.Release|Mixed Platforms.ActiveCfg = Release|Any CPU
		{F6E770E0-C1D5-42D9-AD23-B55156F80BB7}.Release|Mixed Platforms.Build.0 = Release|Any CPU
		{23031B4A-982B-4CBE-BC15-320A463719B2}.Debug|.NET.ActiveCfg = Debug|Any CPU
		{23031B4A-982B-4CBE-BC15-320A463719B2}.Debug|Any CPU.ActiveCfg = Debug|Any CPU
		{23031B4A-982B-4CBE-BC15-320A463719B2}.Debug|Any CPU.Build.0 = Debug|Any CPU
		{23031B4A-982B-4CBE-BC15-320A463719B2}.Debug|Mixed Platforms.ActiveCfg = Debug|Any CPU
		{23031B4A-982B-4CBE-BC15-320A463719B2}.Debug|Mixed Platforms.Build.0 = Debug|Any CPU
		{23031B4A-982B-4CBE-BC15-320A463719B2}.Release|.NET.ActiveCfg = Release|Any CPU
		{23031B4A-982B-4CBE-BC15-320A463719B2}.Release|Any CPU.ActiveCfg = Release|Any CPU
		{23031B4A-982B-4CBE-BC15-320A463719B2}.Release|Any CPU.Build.0 = Release|Any CPU
		{23031B4A-982B-4CBE-BC15-320A463719B2}.Release|Mixed Platforms.ActiveCfg = Release|Any CPU
		{23031B4A-982B-4CBE-BC15-320A463719B2}.Release|Mixed Platforms.Build.0 = Release|Any CPU
	EndGlobalSection
	GlobalSection(SolutionProperties) = preSolution
		HideSolutionNode = FALSE
	EndGlobalSection
	GlobalSection(NestedProjects) = preSolution
		{F7373C8D-4281-4E80-A47D-8C57BF2E9032} = {6DED1472-68DE-492B-A237-CBC01BA3E010}
		{33DF8825-A034-40FB-BEC6-A5BC19D7A6E7} = {6DED1472-68DE-492B-A237-CBC01BA3E010}
		{FDBDA2DB-A4EC-40AF-93A8-682B26DD7066} = {6DED1472-68DE-492B-A237-CBC01BA3E010}
		{17C59A26-693A-4214-A1CA-303B373B0A06} = {6DED1472-68DE-492B-A237-CBC01BA3E010}
		{817A5A3A-9088-483E-A591-AF0A7B41374A} = {4A7C512D-D58D-4C28-9896-3CA50413D534}
		{18292900-B618-49DC-AC6C-A4575BD62F47} = {4A7C512D-D58D-4C28-9896-3CA50413D534}
		{93A2AFCF-1683-464A-8208-590E7FA7EC09} = {4A7C512D-D58D-4C28-9896-3CA50413D534}
		{FEE52BA5-C1CA-4D42-B905-1C42B933E9DF} = {4A7C512D-D58D-4C28-9896-3CA50413D534}
		{DD25636B-C7A6-40B7-BF3B-75D4D4C0A883} = {4A7C512D-D58D-4C28-9896-3CA50413D534}
		{FE716DD2-A9A1-4253-AB75-7F27D9CC2C51} = {4A7C512D-D58D-4C28-9896-3CA50413D534}
		{BB780523-A6AA-466F-9D35-986D60AEB82D} = {4A7C512D-D58D-4C28-9896-3CA50413D534}
		{1F7C618F-C8BB-4C19-B754-BFB9211B8773} = {4A7C512D-D58D-4C28-9896-3CA50413D534}
		{899D3B57-B535-4899-8ED5-2BD900065555} = {4A7C512D-D58D-4C28-9896-3CA50413D534}
		{3198D63B-2AE0-43BF-9EB4-D7C13D701802} = {4A7C512D-D58D-4C28-9896-3CA50413D534}
		{77A5E795-5A01-474A-BD68-406510335E84} = {8CC5D9FB-A50D-4CE7-870A-58539149C0EA}
		{4DB13B0B-22BE-4135-A165-6E40F9C1A3AB} = {8CC5D9FB-A50D-4CE7-870A-58539149C0EA}
		{F6E770E0-C1D5-42D9-AD23-B55156F80BB7} = {8CC5D9FB-A50D-4CE7-870A-58539149C0EA}
		{23031B4A-982B-4CBE-BC15-320A463719B2} = {8CC5D9FB-A50D-4CE7-870A-58539149C0EA}
	EndGlobalSection
	GlobalSection(ExtensibilityGlobals) = postSolution
		VisualSVNWorkingCopyRoot = .
	EndGlobalSection
EndGlobal
